{
  "requires": true,
  "lockfileVersion": 1,
  "dependencies": {
    "@types/qs": {
      "version": "6.5.2",
      "resolved": "https://registry.npmjs.org/@types/qs/-/qs-6.5.2.tgz",
      "integrity": "sha512-47kAAs3yV/hROraCTQYDMh4p/6zI9+gtssjD0kq9OWsGdLcBge59rl49FnCuJ+iWxEKiqFz6KXzeGH5DRVjNJA=="
    },
    "fetch-ponyfill": {
      "version": "6.0.2",
      "resolved": "https://registry.npmjs.org/fetch-ponyfill/-/fetch-ponyfill-6.0.2.tgz",
      "integrity": "sha512-hBWVb6Z0chjr9r0g4N5uknldAnyFstWTnX6oFxMsL9ZlSL7fa66Keis3y4SCMgpTggY4GeGbB4z3z5g5SmrgkQ==",
      "requires": {
        "node-fetch": "~2.1.0"
      }
    },
    "node-fetch": {
      "version": "2.1.2",
      "resolved": "https://registry.npmjs.org/node-fetch/-/node-fetch-2.1.2.tgz",
      "integrity": "sha1-q4hOjn5X44qUR1POxwb3iNF2i7U="
    },
    "qs": {
      "version": "6.6.0",
      "resolved": "https://registry.npmjs.org/qs/-/qs-6.6.0.tgz",
      "integrity": "sha512-KIJqT9jQJDQx5h5uAVPimw6yVg2SekOKu959OCtktD3FjzbpvaPr8i4zzg07DOMz+igA4W/aNM7OV8H37pFYfA=="
    },
    "top-package": {
      "version": "1.0.1",
      "resolved": "https://registry.npmjs.org/top-package/-/top-package-1.0.1.tgz",
      "integrity": "sha512-tsuhQlHSigOTTvonxHXwqSKEVSnWMh2GvpTvXa5YmoyOwL5YvU4lTd/KNVZlKM5v7gqx44UEuQxyPQEpmaIHdg=="
    },
    "tslib": {
      "version": "1.9.3",
      "resolved": "https://registry.npmjs.org/tslib/-/tslib-1.9.3.tgz",
      "integrity": "sha512-4krF8scpejhaOgqzBEcGM7yDIEfi0/8+8zDRZhNZZ2kjmHJ4hv3zCbQWxoJGz1iw5U0Jl0nma13xzHXcncMavQ=="
    },
    "twitch": {
      "version": "2.0.0",
      "resolved": "https://registry.npmjs.org/twitch/-/twitch-2.0.0.tgz",
      "integrity": "sha512-hlK1M5lkxvZsWHqf2/CENX+iYyRjsjAWOVBEyNcygLOFzV7YUVhHk55k1phwQva7GcNcdVG/Dt7U+iSjqAcRSQ==",
      "requires": {
        "@types/qs": "^6.5.1",
        "fetch-ponyfill": "^6.0.2",
        "qs": "^6.6.0",
        "top-package": "^1.0.0",
        "tslib": "^1.9.3"
      }
    }
  }
}
