{
  "name": "ky8er-twitch-bot",
  "version": "1.0.0",
  "lockfileVersion": 3,
  "requires": true,
  "packages": {
    "": {
      "version": "1.0.0",
      "license": "ISC",
      "dependencies": {
        "tmi.js": "^1.8.5",
        "twitch": "^2.0.0"
      },
      "devDependencies": {}
    },
    "node_modules/@types/qs": {
      "version": "6.5.2",
      "resolved": "https://registry.npmjs.org/@types/qs/-/qs-6.5.2.tgz",
      "integrity": "sha512-47kAAs3yV/hROraCTQYDMh4p/6zI9+gtssjD0kq9OWsGdLcBge59rl49FnCuJ+iWxEKiqFz6KXzeGH5DRVjNJA=="
    },
    "node_modules/fetch-ponyfill": {
      "version": "6.1.1",
      "resolved": "https://registry.npmjs.org/fetch-ponyfill/-/fetch-ponyfill-6.1.1.tgz",
      "integrity": "sha512-rWLgTr5A44/XhvCQPYj0X9Tc+cjUaHofSM4lcwjc9MavD5lkjIhJ+h8JQlavPlTIgDpwhuRozaIykBvX9ItaSA==",
      "license": "MIT",
      "dependencies": {
        "node-fetch": "~2.6.0"
      }
    },
    "node_modules/node-fetch": {
      "version": "2.6.13",
      "resolved": "https://registry.npmjs.org/node-fetch/-/node-fetch-2.6.13.tgz",
      "integrity": "sha512-StxNAxh15zr77QvvkmveSQ8uCQ4+v5FkvNTj0OESmiHu+VRi/gXArXtkWMElOsOUNLtUEvI4yS+rdtOHZTwlQA==",
      "license": "MIT",
      "dependencies": {
        "whatwg-url": "^5.0.0"
      },
      "engines": {
        "node": "4.x || >=6.0.0"
      },
      "peerDependencies": {
        "encoding": "^0.1.0"
      },
      "peerDependenciesMeta": {
        "encoding": {
          "optional": true
        }
      }
    },
    "node_modules/qs": {
      "version": "6.6.0",
      "resolved": "https://registry.npmjs.org/qs/-/qs-6.6.0.tgz",
      "integrity": "sha512-KIJqT9jQJDQx5h5uAVPimw6yVg2SekOKu959OCtktD3FjzbpvaPr8i4zzg07DOMz+igA4W/aNM7OV8H37pFYfA==",
      "engines": {
        "node": ">=0.6"
      }
    },
    "node_modules/tmi.js": {
      "version": "1.8.5",
      "resolved": "https://registry.npmjs.org/tmi.js/-/tmi.js-1.8.5.tgz",
      "integrity": "sha512-A9qrydfe1e0VWM9MViVhhxVgvLpnk7pFShVUWePsSTtoi+A1X+Zjdoa7OJd7/YsgHXGj3GkNEvnWop/1WwZuew==",
      "dependencies": {
        "node-fetch": "^2.6.1",
        "ws": "^8.2.0"
      },
      "engines": {
        "node": ">=10.0.0"
      }
    },
    "node_modules/top-package": {
      "version": "1.0.1",
      "resolved": "https://registry.npmjs.org/top-package/-/top-package-1.0.1.tgz",
      "integrity": "sha512-tsuhQlHSigOTTvonxHXwqSKEVSnWMh2GvpTvXa5YmoyOwL5YvU4lTd/KNVZlKM5v7gqx44UEuQxyPQEpmaIHdg=="
    },
    "node_modules/tr46": {
      "version": "0.0.3",
      "resolved": "https://registry.npmjs.org/tr46/-/tr46-0.0.3.tgz",
      "integrity": "sha512-N3WMsuqV66lT30CrXNbEjx4GEwlow3v6rr4mCcv6prnfwhS01rkgyFdjPNBYd9br7LpXV1+Emh01fHnq2Gdgrw=="
    },
    "node_modules/tslib": {
      "version": "1.9.3",
      "resolved": "https://registry.npmjs.org/tslib/-/tslib-1.9.3.tgz",
      "integrity": "sha512-4krF8scpejhaOgqzBEcGM7yDIEfi0/8+8zDRZhNZZ2kjmHJ4hv3zCbQWxoJGz1iw5U0Jl0nma13xzHXcncMavQ=="
    },
    "node_modules/twitch": {
      "version": "2.0.0",
      "resolved": "https://registry.npmjs.org/twitch/-/twitch-2.0.0.tgz",
      "integrity": "sha512-hlK1M5lkxvZsWHqf2/CENX+iYyRjsjAWOVBEyNcygLOFzV7YUVhHk55k1phwQva7GcNcdVG/Dt7U+iSjqAcRSQ==",
      "deprecated": "This package was renamed to @twurple/api. Please check out the migration guide at https://twurple.js.org/docs/migration/",
      "hasInstallScript": true,
      "dependencies": {
        "@types/qs": "^6.5.1",
        "fetch-ponyfill": "^6.0.2",
        "qs": "^6.6.0",
        "top-package": "^1.0.0",
        "tslib": "^1.9.3"
      }
    },
    "node_modules/webidl-conversions": {
      "version": "3.0.1",
      "resolved": "https://registry.npmjs.org/webidl-conversions/-/webidl-conversions-3.0.1.tgz",
      "integrity": "sha512-2JAn3z8AR6rjK8Sm8orRC0h/bcl/DqL7tRPdGZ4I1CjdF+EaMLmYxBHyXuKL849eucPFhvBoxMsflfOb8kxaeQ=="
    },
    "node_modules/whatwg-url": {
      "version": "5.0.0",
      "resolved": "https://registry.npmjs.org/whatwg-url/-/whatwg-url-5.0.0.tgz",
      "integrity": "sha512-saE57nupxk6v3HY35+jzBwYa0rKSy0XR8JSxZPwgLr7ys0IBzhGviA1/TUGJLmSVqs8pb9AnvICXEuOHLprYTw==",
      "dependencies": {
        "tr46": "~0.0.3",
        "webidl-conversions": "^3.0.0"
      }
    },
    "node_modules/ws": {
      "version": "8.13.0",
      "resolved": "https://registry.npmjs.org/ws/-/ws-8.13.0.tgz",
      "integrity": "sha512-x9vcZYTrFPC7aSIbj7sRCYo7L/Xb8Iy+pW0ng0wt2vCJv7M9HOMy0UoN3rr+IFC7hb7vXoqS+P9ktyLLLhO+LA==",
      "engines": {
        "node": ">=10.0.0"
      },
      "peerDependencies": {
        "bufferutil": "^4.0.1",
        "utf-8-validate": ">=5.0.2"
      },
      "peerDependenciesMeta": {
        "bufferutil": {
          "optional": true
        },
        "utf-8-validate": {
          "optional": true
        }
      }
    }
  }
}
